
Microsoft Visual Studio Solution File, Format Version 12.00
# Visual Studio Version 16
VisualStudioVersion = 16.0.29613.14
MinimumVisualStudioVersion = 10.0.40219.1
Project("{FAE04EC0-301F-11D3-BF4B-00C04F79EFBC}") = "tomcMatijaProvjeraZnanjaZadatak2", "tomcMatijaProvjeraZnanjaZadatak2\tomcMatijaProvjeraZnanjaZadatak2.csproj", "{FAB49548-FCC1-4930-BB0C-031287677A42}"
EndProject
Global
	GlobalSection(SolutionConfigurationPlatforms) = preSolution
		Debug|Any CPU = Debug|Any CPU
		Release|Any CPU = Release|Any CPU
	EndGlobalSection
	GlobalSection(ProjectConfigurationPlatforms) = postSolution
		{FAB49548-FCC1-4930-BB0C-031287677A42}.Debug|Any CPU.ActiveCfg = Debug|Any CPU
		{FAB49548-FCC1-4930-BB0C-031287677A42}.Debug|Any CPU.Build.0 = Debug|Any CPU
		{FAB49548-FCC1-4930-BB0C-031287677A42}.Release|Any CPU.ActiveCfg = Release|Any CPU
		{FAB49548-FCC1-4930-BB0C-031287677A42}.Release|Any CPU.Build.0 = Release|Any CPU
	EndGlobalSection
	GlobalSection(SolutionProperties) = preSolution
		HideSolutionNode = FALSE
	EndGlobalSection
	GlobalSection(ExtensibilityGlobals) = postSolution
		SolutionGuid = {2587064E-23AC-4C41-8C03-D2D62653EDB5}
	EndGlobalSection
EndGlobal
